{
  "version": "3",
  "remote": {
    "https://edge.netlify.com/": "fd941d61d88673d5f28aab283fb86fcc50f08a3bc80ee5470498fcfa88c65cfb",
    "https://edge.netlify.com/bootstrap/config.ts": "0aa0a225d978b89e0e62cbd853701605199e7a84095e55eeb70147faf1a24803",
    "https://edge.netlify.com/bootstrap/context.ts": "f8392d0bfc4a345f0508157a9ed1a8b0ac832275e5ae6fe9301a8268fbfeb0b5",
    "https://edge.netlify.com/bootstrap/cookie.ts": "8b0baae708989ca183c6f3b4ab3d029e6abcbc2e43f93edeb0ff447b3bbc3a05",
    "https://edge.netlify.com/bootstrap/edge_function.ts": "b8253e86aa83c67341f5cfedeba5049d77fbf84dcab7eceff7566b7728ae9b39",
    "https://edge.netlify.com/bootstrap/globals/types.ts": "a92107bafea2f88f9c7f787575732436abc40e45ccc062c76093096e7c34c84b"
  },
  "workspace": {
    "packageJson": {
      "dependencies": [
        "npm:@auth0/auth0-react@^1.12.1",
        "npm:@stripe/react-stripe-js@^1.14.2",
        "npm:@stripe/stripe-js@^1.42.1",
        "npm:@testing-library/jest-dom@^5.16.5",
        "npm:@testing-library/react@^13.4.0",
        "npm:@testing-library/user-event@^13.5.0",
        "npm:airtable-node@^0.1.20",
        "npm:airtable@^0.12.2",
        "npm:axios@^1.1.3",
        "npm:dotenv@^16.0.3",
        "npm:netlify-cli@^12.1.0",
        "npm:react-dom@^18.2.0",
        "npm:react-icons@^4.6.0",
        "npm:react-router-dom@^6.11.1",
        "npm:react-scripts@5.0.1",
        "npm:react@^18.2.0",
        "npm:stripe@^10.16.0",
        "npm:styled-components@^5.3.6",
        "npm:web-vitals@^2.1.4"
      ]
    }
  }
}
